
Microsoft Visual Studio Solution File, Format Version 12.00
# Visual Studio 15
VisualStudioVersion = 15.0.28307.1340
MinimumVisualStudioVersion = 10.0.40219.1
Project("{FAE04EC0-301F-11D3-BF4B-00C04F79EFBC}") = "Coches_MVC", "Coches_MVC\Coches_MVC.csproj", "{7357747B-AAE8-44AB-8437-F0C1A79FB467}"
EndProject
Global
	GlobalSection(SolutionConfigurationPlatforms) = preSolution
		Debug|Any CPU = Debug|Any CPU
		Release|Any CPU = Release|Any CPU
	EndGlobalSection
	GlobalSection(ProjectConfigurationPlatforms) = postSolution
		{7357747B-AAE8-44AB-8437-F0C1A79FB467}.Debug|Any CPU.ActiveCfg = Debug|Any CPU
		{7357747B-AAE8-44AB-8437-F0C1A79FB467}.Debug|Any CPU.Build.0 = Debug|Any CPU
		{7357747B-AAE8-44AB-8437-F0C1A79FB467}.Release|Any CPU.ActiveCfg = Release|Any CPU
		{7357747B-AAE8-44AB-8437-F0C1A79FB467}.Release|Any CPU.Build.0 = Release|Any CPU
	EndGlobalSection
	GlobalSection(SolutionProperties) = preSolution
		HideSolutionNode = FALSE
	EndGlobalSection
	GlobalSection(ExtensibilityGlobals) = postSolution
		SolutionGuid = {89914866-21E6-4D04-BA3B-BE5019D220E2}
	EndGlobalSection
EndGlobal
